
Microsoft Visual Studio Solution File, Format Version 12.00
# Visual Studio 14
VisualStudioVersion = 14.0.23107.0
MinimumVisualStudioVersion = 10.0.40219.1
Project("{FAE04EC0-301F-11D3-BF4B-00C04F79EFBC}") = "SkyNote", "SkyNote\SkyNote.csproj", "{AF5D80D1-F980-4DD4-995A-112DCDD194AA}"
EndProject
Project("{FAE04EC0-301F-11D3-BF4B-00C04F79EFBC}") = "SkyNote.Tests", "SkyNote.Tests\SkyNote.Tests.csproj", "{28D10770-0F2B-492D-ADEF-CCFDC162F42C}"
EndProject
Project("{FAE04EC0-301F-11D3-BF4B-00C04F79EFBC}") = "DataAccess", "DataAccess\DataAccess.csproj", "{15CD88D4-D890-4EFA-B190-57C4944522A2}"
EndProject
Project("{FAE04EC0-301F-11D3-BF4B-00C04F79EFBC}") = "CQRS", "CQRS\CQRS.csproj", "{EC2E8569-4B9D-43FE-85EB-D566E80CCF8B}"
EndProject
Project("{FAE04EC0-301F-11D3-BF4B-00C04F79EFBC}") = "DataAccessDenormalized", "DataAccessDenormalized\DataAccessDenormalized.csproj", "{6D37AB73-97D2-477F-BDAA-8BC1D13A29A0}"
EndProject
Project("{FAE04EC0-301F-11D3-BF4B-00C04F79EFBC}") = "Common", "Common\Common.csproj", "{8C6CD01B-30A1-4DA8-8C28-3B14E6D1E850}"
EndProject
Project("{FAE04EC0-301F-11D3-BF4B-00C04F79EFBC}") = "CQRS.Implementation", "CQRS.Implementation\CQRS.Implementation.csproj", "{46C8B9FE-7CD1-4F7C-A6E3-DFB9985EC915}"
EndProject
Global
	GlobalSection(SolutionConfigurationPlatforms) = preSolution
		Debug|Any CPU = Debug|Any CPU
		Release|Any CPU = Release|Any CPU
	EndGlobalSection
	GlobalSection(ProjectConfigurationPlatforms) = postSolution
		{AF5D80D1-F980-4DD4-995A-112DCDD194AA}.Debug|Any CPU.ActiveCfg = Debug|Any CPU
		{AF5D80D1-F980-4DD4-995A-112DCDD194AA}.Debug|Any CPU.Build.0 = Debug|Any CPU
		{AF5D80D1-F980-4DD4-995A-112DCDD194AA}.Release|Any CPU.ActiveCfg = Release|Any CPU
		{AF5D80D1-F980-4DD4-995A-112DCDD194AA}.Release|Any CPU.Build.0 = Release|Any CPU
		{28D10770-0F2B-492D-ADEF-CCFDC162F42C}.Debug|Any CPU.ActiveCfg = Debug|Any CPU
		{28D10770-0F2B-492D-ADEF-CCFDC162F42C}.Debug|Any CPU.Build.0 = Debug|Any CPU
		{28D10770-0F2B-492D-ADEF-CCFDC162F42C}.Release|Any CPU.ActiveCfg = Release|Any CPU
		{28D10770-0F2B-492D-ADEF-CCFDC162F42C}.Release|Any CPU.Build.0 = Release|Any CPU
		{15CD88D4-D890-4EFA-B190-57C4944522A2}.Debug|Any CPU.ActiveCfg = Debug|Any CPU
		{15CD88D4-D890-4EFA-B190-57C4944522A2}.Debug|Any CPU.Build.0 = Debug|Any CPU
		{15CD88D4-D890-4EFA-B190-57C4944522A2}.Release|Any CPU.ActiveCfg = Release|Any CPU
		{15CD88D4-D890-4EFA-B190-57C4944522A2}.Release|Any CPU.Build.0 = Release|Any CPU
		{EC2E8569-4B9D-43FE-85EB-D566E80CCF8B}.Debug|Any CPU.ActiveCfg = Debug|Any CPU
		{EC2E8569-4B9D-43FE-85EB-D566E80CCF8B}.Debug|Any CPU.Build.0 = Debug|Any CPU
		{EC2E8569-4B9D-43FE-85EB-D566E80CCF8B}.Release|Any CPU.ActiveCfg = Release|Any CPU
		{EC2E8569-4B9D-43FE-85EB-D566E80CCF8B}.Release|Any CPU.Build.0 = Release|Any CPU
		{6D37AB73-97D2-477F-BDAA-8BC1D13A29A0}.Debug|Any CPU.ActiveCfg = Debug|Any CPU
		{6D37AB73-97D2-477F-BDAA-8BC1D13A29A0}.Debug|Any CPU.Build.0 = Debug|Any CPU
		{6D37AB73-97D2-477F-BDAA-8BC1D13A29A0}.Release|Any CPU.ActiveCfg = Release|Any CPU
		{6D37AB73-97D2-477F-BDAA-8BC1D13A29A0}.Release|Any CPU.Build.0 = Release|Any CPU
		{8C6CD01B-30A1-4DA8-8C28-3B14E6D1E850}.Debug|Any CPU.ActiveCfg = Debug|Any CPU
		{8C6CD01B-30A1-4DA8-8C28-3B14E6D1E850}.Debug|Any CPU.Build.0 = Debug|Any CPU
		{8C6CD01B-30A1-4DA8-8C28-3B14E6D1E850}.Release|Any CPU.ActiveCfg = Release|Any CPU
		{8C6CD01B-30A1-4DA8-8C28-3B14E6D1E850}.Release|Any CPU.Build.0 = Release|Any CPU
		{46C8B9FE-7CD1-4F7C-A6E3-DFB9985EC915}.Debug|Any CPU.ActiveCfg = Debug|Any CPU
		{46C8B9FE-7CD1-4F7C-A6E3-DFB9985EC915}.Debug|Any CPU.Build.0 = Debug|Any CPU
		{46C8B9FE-7CD1-4F7C-A6E3-DFB9985EC915}.Release|Any CPU.ActiveCfg = Release|Any CPU
		{46C8B9FE-7CD1-4F7C-A6E3-DFB9985EC915}.Release|Any CPU.Build.0 = Release|Any CPU
	EndGlobalSection
	GlobalSection(SolutionProperties) = preSolution
		HideSolutionNode = FALSE
	EndGlobalSection
EndGlobal
